
Microsoft Visual Studio Solution File, Format Version 12.00
# Visual Studio Version 17
VisualStudioVersion = 17.7.34024.191
MinimumVisualStudioVersion = 10.0.40219.1
Project("{9A19103F-16F7-4668-BE54-9A1E7A4F7556}") = "HockeyData", "HockeyData\HockeyData.csproj", "{F470CFF9-4954-40C2-8DDC-698A83C9A008}"
EndProject
Project("{9A19103F-16F7-4668-BE54-9A1E7A4F7556}") = "Utilities", "Utilities\Utilities.csproj", "{4C74D630-3369-4157-9D8E-1319B7843191}"
EndProject
Project("{9A19103F-16F7-4668-BE54-9A1E7A4F7556}") = "HockeyConsoleApp", "HockeyConsoleApp\HockeyConsoleApp.csproj", "{536E819D-4EDD-4628-9BB2-691C582EB3CB}"
EndProject
Project("{9A19103F-16F7-4668-BE54-9A1E7A4F7556}") = "HockeyTestProject", "HockeyTestProject\HockeyTestProject.csproj", "{1696ED83-480D-4AB3-BF5E-447ED7D6CFF5}"
EndProject
Project("{9A19103F-16F7-4668-BE54-9A1E7A4F7556}") = "UtilitiesTestProject", "UtilitiesTestProject\UtilitiesTestProject.csproj", "{A3CA23EA-50BA-4B4A-88E5-48D67B998522}"
EndProject
Project("{9A19103F-16F7-4668-BE54-9A1E7A4F7556}") = "BlazorSampleApp", "BlazorSampleApp\BlazorSampleApp.csproj", "{2EE3C2E8-6ED7-4FE5-B79D-C83B2739C734}"
EndProject
Project("{9A19103F-16F7-4668-BE54-9A1E7A4F7556}") = "BMIExercise", "BMIExercise\BMIExercise.csproj", "{57752A0E-D006-475E-94E3-574144D07253}"
EndProject
Project("{9A19103F-16F7-4668-BE54-9A1E7A4F7556}") = "BodyMassIndexTest", "BodyMassIndexTest\BodyMassIndexTest.csproj", "{DE492E85-35B9-4E14-9552-12EB89DDF2CF}"
EndProject
Project("{9A19103F-16F7-4668-BE54-9A1E7A4F7556}") = "WestWindSystem", "WestWindSystem\WestWindSystem.csproj", "{62E0C829-665D-436C-8217-6288C382E354}"
EndProject
Project("{9A19103F-16F7-4668-BE54-9A1E7A4F7556}") = "WestWindWebApp", "WestWindWebApp\WestWindWebApp.csproj", "{DACB1CC6-9115-4664-A0AC-88DE79D453D8}"
EndProject
Project("{FAE04EC0-301F-11D3-BF4B-00C04F79EFBC}") = "WestWindConsoleApp", "WestWindConsoleApp\WestWindConsoleApp.csproj", "{BA6F2995-6A42-4F65-8E57-E4367B240AFF}"
EndProject
Global
	GlobalSection(SolutionConfigurationPlatforms) = preSolution
		Debug|Any CPU = Debug|Any CPU
		Release|Any CPU = Release|Any CPU
	EndGlobalSection
	GlobalSection(ProjectConfigurationPlatforms) = postSolution
		{F470CFF9-4954-40C2-8DDC-698A83C9A008}.Debug|Any CPU.ActiveCfg = Debug|Any CPU
		{F470CFF9-4954-40C2-8DDC-698A83C9A008}.Debug|Any CPU.Build.0 = Debug|Any CPU
		{F470CFF9-4954-40C2-8DDC-698A83C9A008}.Release|Any CPU.ActiveCfg = Release|Any CPU
		{F470CFF9-4954-40C2-8DDC-698A83C9A008}.Release|Any CPU.Build.0 = Release|Any CPU
		{4C74D630-3369-4157-9D8E-1319B7843191}.Debug|Any CPU.ActiveCfg = Debug|Any CPU
		{4C74D630-3369-4157-9D8E-1319B7843191}.Debug|Any CPU.Build.0 = Debug|Any CPU
		{4C74D630-3369-4157-9D8E-1319B7843191}.Release|Any CPU.ActiveCfg = Release|Any CPU
		{4C74D630-3369-4157-9D8E-1319B7843191}.Release|Any CPU.Build.0 = Release|Any CPU
		{536E819D-4EDD-4628-9BB2-691C582EB3CB}.Debug|Any CPU.ActiveCfg = Debug|Any CPU
		{536E819D-4EDD-4628-9BB2-691C582EB3CB}.Debug|Any CPU.Build.0 = Debug|Any CPU
		{536E819D-4EDD-4628-9BB2-691C582EB3CB}.Release|Any CPU.ActiveCfg = Release|Any CPU
		{536E819D-4EDD-4628-9BB2-691C582EB3CB}.Release|Any CPU.Build.0 = Release|Any CPU
		{1696ED83-480D-4AB3-BF5E-447ED7D6CFF5}.Debug|Any CPU.ActiveCfg = Debug|Any CPU
		{1696ED83-480D-4AB3-BF5E-447ED7D6CFF5}.Debug|Any CPU.Build.0 = Debug|Any CPU
		{1696ED83-480D-4AB3-BF5E-447ED7D6CFF5}.Release|Any CPU.ActiveCfg = Release|Any CPU
		{1696ED83-480D-4AB3-BF5E-447ED7D6CFF5}.Release|Any CPU.Build.0 = Release|Any CPU
		{A3CA23EA-50BA-4B4A-88E5-48D67B998522}.Debug|Any CPU.ActiveCfg = Debug|Any CPU
		{A3CA23EA-50BA-4B4A-88E5-48D67B998522}.Debug|Any CPU.Build.0 = Debug|Any CPU
		{A3CA23EA-50BA-4B4A-88E5-48D67B998522}.Release|Any CPU.ActiveCfg = Release|Any CPU
		{A3CA23EA-50BA-4B4A-88E5-48D67B998522}.Release|Any CPU.Build.0 = Release|Any CPU
		{2EE3C2E8-6ED7-4FE5-B79D-C83B2739C734}.Debug|Any CPU.ActiveCfg = Debug|Any CPU
		{2EE3C2E8-6ED7-4FE5-B79D-C83B2739C734}.Debug|Any CPU.Build.0 = Debug|Any CPU
		{2EE3C2E8-6ED7-4FE5-B79D-C83B2739C734}.Release|Any CPU.ActiveCfg = Release|Any CPU
		{2EE3C2E8-6ED7-4FE5-B79D-C83B2739C734}.Release|Any CPU.Build.0 = Release|Any CPU
		{57752A0E-D006-475E-94E3-574144D07253}.Debug|Any CPU.ActiveCfg = Debug|Any CPU
		{57752A0E-D006-475E-94E3-574144D07253}.Debug|Any CPU.Build.0 = Debug|Any CPU
		{57752A0E-D006-475E-94E3-574144D07253}.Release|Any CPU.ActiveCfg = Release|Any CPU
		{57752A0E-D006-475E-94E3-574144D07253}.Release|Any CPU.Build.0 = Release|Any CPU
		{DE492E85-35B9-4E14-9552-12EB89DDF2CF}.Debug|Any CPU.ActiveCfg = Debug|Any CPU
		{DE492E85-35B9-4E14-9552-12EB89DDF2CF}.Debug|Any CPU.Build.0 = Debug|Any CPU
		{DE492E85-35B9-4E14-9552-12EB89DDF2CF}.Release|Any CPU.ActiveCfg = Release|Any CPU
		{DE492E85-35B9-4E14-9552-12EB89DDF2CF}.Release|Any CPU.Build.0 = Release|Any CPU
		{62E0C829-665D-436C-8217-6288C382E354}.Debug|Any CPU.ActiveCfg = Debug|Any CPU
		{62E0C829-665D-436C-8217-6288C382E354}.Debug|Any CPU.Build.0 = Debug|Any CPU
		{62E0C829-665D-436C-8217-6288C382E354}.Release|Any CPU.ActiveCfg = Release|Any CPU
		{62E0C829-665D-436C-8217-6288C382E354}.Release|Any CPU.Build.0 = Release|Any CPU
		{DACB1CC6-9115-4664-A0AC-88DE79D453D8}.Debug|Any CPU.ActiveCfg = Debug|Any CPU
		{DACB1CC6-9115-4664-A0AC-88DE79D453D8}.Debug|Any CPU.Build.0 = Debug|Any CPU
		{DACB1CC6-9115-4664-A0AC-88DE79D453D8}.Release|Any CPU.ActiveCfg = Release|Any CPU
		{DACB1CC6-9115-4664-A0AC-88DE79D453D8}.Release|Any CPU.Build.0 = Release|Any CPU
		{BA6F2995-6A42-4F65-8E57-E4367B240AFF}.Debug|Any CPU.ActiveCfg = Debug|Any CPU
		{BA6F2995-6A42-4F65-8E57-E4367B240AFF}.Debug|Any CPU.Build.0 = Debug|Any CPU
		{BA6F2995-6A42-4F65-8E57-E4367B240AFF}.Release|Any CPU.ActiveCfg = Release|Any CPU
		{BA6F2995-6A42-4F65-8E57-E4367B240AFF}.Release|Any CPU.Build.0 = Release|Any CPU
	EndGlobalSection
	GlobalSection(SolutionProperties) = preSolution
		HideSolutionNode = FALSE
	EndGlobalSection
	GlobalSection(ExtensibilityGlobals) = postSolution
		SolutionGuid = {133A61D4-985A-489E-887F-4149B91CF7ED}
	EndGlobalSection
EndGlobal
